
Microsoft Visual Studio Solution File, Format Version 12.00
# Visual Studio 15
VisualStudioVersion = 15.0.28307.106
MinimumVisualStudioVersion = 10.0.40219.1
Project("{FAE04EC0-301F-11D3-BF4B-00C04F79EFBC}") = "OCRP_Miner_Calc", "OCRP_Miner_Calc\OCRP_Miner_Calc.csproj", "{668F09F6-E914-43AB-A69F-7C5FBCC088AD}"
EndProject
Global
	GlobalSection(SolutionConfigurationPlatforms) = preSolution
		Debug|Any CPU = Debug|Any CPU
		Release|Any CPU = Release|Any CPU
	EndGlobalSection
	GlobalSection(ProjectConfigurationPlatforms) = postSolution
		{668F09F6-E914-43AB-A69F-7C5FBCC088AD}.Debug|Any CPU.ActiveCfg = Debug|Any CPU
		{668F09F6-E914-43AB-A69F-7C5FBCC088AD}.Debug|Any CPU.Build.0 = Debug|Any CPU
		{668F09F6-E914-43AB-A69F-7C5FBCC088AD}.Release|Any CPU.ActiveCfg = Release|Any CPU
		{668F09F6-E914-43AB-A69F-7C5FBCC088AD}.Release|Any CPU.Build.0 = Release|Any CPU
	EndGlobalSection
	GlobalSection(SolutionProperties) = preSolution
		HideSolutionNode = FALSE
	EndGlobalSection
	GlobalSection(ExtensibilityGlobals) = postSolution
		SolutionGuid = {5E62BE57-89C0-41F8-90B6-576578B5A421}
	EndGlobalSection
EndGlobal
